
Microsoft Visual Studio Solution File, Format Version 12.00
# Visual Studio Version 17
VisualStudioVersion = 17.4.33110.190
MinimumVisualStudioVersion = 10.0.40219.1
Project("{9A19103F-16F7-4668-BE54-9A1E7A4F7556}") = "testmvc", "testmvc.csproj", "{88E45D50-D635-4A71-BF2F-A37B1883ACB5}"
EndProject
Global
	GlobalSection(SolutionConfigurationPlatforms) = preSolution
		Debug|Any CPU = Debug|Any CPU
		Release|Any CPU = Release|Any CPU
	EndGlobalSection
	GlobalSection(ProjectConfigurationPlatforms) = postSolution
		{88E45D50-D635-4A71-BF2F-A37B1883ACB5}.Debug|Any CPU.ActiveCfg = Debug|Any CPU
		{88E45D50-D635-4A71-BF2F-A37B1883ACB5}.Debug|Any CPU.Build.0 = Debug|Any CPU
		{88E45D50-D635-4A71-BF2F-A37B1883ACB5}.Release|Any CPU.ActiveCfg = Release|Any CPU
		{88E45D50-D635-4A71-BF2F-A37B1883ACB5}.Release|Any CPU.Build.0 = Release|Any CPU
	EndGlobalSection
	GlobalSection(SolutionProperties) = preSolution
		HideSolutionNode = FALSE
	EndGlobalSection
	GlobalSection(ExtensibilityGlobals) = postSolution
		SolutionGuid = {BC3FA2EE-D3B0-4654-A9F5-5EFC89AAAE53}
	EndGlobalSection
EndGlobal
